PODS:
  - HFNavigationController (0.1.0)
  - SnapKit (4.2.0)
  - SnapKitExtend (1.0.7):
    - SnapKit
  - SwiftExpand (1.9.7.1)

DEPENDENCIES:
  - HFNavigationController (from `../`)
  - SnapKitExtend
  - SwiftExpand

SPEC REPOS:
  https://github.com/CocoaPods/Specs.git:
    - SnapKit
    - SnapKitExtend
    - SwiftExpand

EXTERNAL SOURCES:
  HFNavigationController:
    :path: "../"

SPEC CHECKSUMS:
  HFNavigationController: d6274e3e47648add7a56a5042621f35dbbd7af0c
  SnapKit: fe8a619752f3f27075cc9a90244d75c6c3f27e2a
  SnapKitExtend: 00ee4db6d1f80bee01a1e75745f2a6ae695ba662
  SwiftExpand: 60be6b25fc904e3aa9ed8b0326a4f96cf315a74e

PODFILE CHECKSUM: ae946392a894e910b3d305e934f525bdafc70555

COCOAPODS: 1.8.4
